
Microsoft Visual Studio Solution File, Format Version 12.00
# Visual Studio Version 16
VisualStudioVersion = 16.0.29509.3
MinimumVisualStudioVersion = 10.0.40219.1
Project("{FAE04EC0-301F-11D3-BF4B-00C04F79EFBC}") = "AngularKendoPlanning", "AngularKendoPlanning\AngularKendoPlanning.csproj", "{4FC44691-1DEF-4CC4-B570-341916377CA6}"
EndProject
Global
	GlobalSection(SolutionConfigurationPlatforms) = preSolution
		Debug|Any CPU = Debug|Any CPU
		Release|Any CPU = Release|Any CPU
	EndGlobalSection
	GlobalSection(ProjectConfigurationPlatforms) = postSolution
		{4FC44691-1DEF-4CC4-B570-341916377CA6}.Debug|Any CPU.ActiveCfg = Debug|Any CPU
		{4FC44691-1DEF-4CC4-B570-341916377CA6}.Debug|Any CPU.Build.0 = Debug|Any CPU
		{4FC44691-1DEF-4CC4-B570-341916377CA6}.Release|Any CPU.ActiveCfg = Release|Any CPU
		{4FC44691-1DEF-4CC4-B570-341916377CA6}.Release|Any CPU.Build.0 = Release|Any CPU
	EndGlobalSection
	GlobalSection(SolutionProperties) = preSolution
		HideSolutionNode = FALSE
	EndGlobalSection
	GlobalSection(ExtensibilityGlobals) = postSolution
		SolutionGuid = {2F51D86B-B5A9-4F4F-84E3-1CF0E18D5020}
	EndGlobalSection
EndGlobal
